
Microsoft Visual Studio Solution File, Format Version 12.00
# Visual Studio Version 17
VisualStudioVersion = 17.14.36109.1 d17.14
MinimumVisualStudioVersion = 10.0.40219.1
Project("{FAE04EC0-301F-11D3-BF4B-00C04F79EFBC}") = "RestSharpAutomation", "RestSharpAutomation\RestSharpAutomation.csproj", "{C012CD06-8AB5-4D9D-BC7A-749AB9F81A57}"
EndProject
Global
	GlobalSection(SolutionConfigurationPlatforms) = preSolution
		Debug|Any CPU = Debug|Any CPU
		Release|Any CPU = Release|Any CPU
	EndGlobalSection
	GlobalSection(ProjectConfigurationPlatforms) = postSolution
		{C012CD06-8AB5-4D9D-BC7A-749AB9F81A57}.Debug|Any CPU.ActiveCfg = Debug|Any CPU
		{C012CD06-8AB5-4D9D-BC7A-749AB9F81A57}.Debug|Any CPU.Build.0 = Debug|Any CPU
		{C012CD06-8AB5-4D9D-BC7A-749AB9F81A57}.Release|Any CPU.ActiveCfg = Release|Any CPU
		{C012CD06-8AB5-4D9D-BC7A-749AB9F81A57}.Release|Any CPU.Build.0 = Release|Any CPU
	EndGlobalSection
	GlobalSection(SolutionProperties) = preSolution
		HideSolutionNode = FALSE
	EndGlobalSection
	GlobalSection(ExtensibilityGlobals) = postSolution
		SolutionGuid = {CA496263-5CA9-42B7-A444-645A64E56DC8}
	EndGlobalSection
EndGlobal
